
Microsoft Visual Studio Solution File, Format Version 12.00
# Visual Studio 15
VisualStudioVersion = 15.0.27130.2020
MinimumVisualStudioVersion = 10.0.40219.1
Project("{FAE04EC0-301F-11D3-BF4B-00C04F79EFBC}") = "Alice", "Alice\Alice.csproj", "{508DECA9-997A-47E0-9EF7-68CC5533AD82}"
EndProject
Project("{FAE04EC0-301F-11D3-BF4B-00C04F79EFBC}") = "AliceTest", "AliceTest\AliceTest.csproj", "{A53D76AB-19BD-4B65-8C8B-CEBE0D6700FC}"
EndProject
Global
	GlobalSection(SolutionConfigurationPlatforms) = preSolution
		Debug|Any CPU = Debug|Any CPU
		Release|Any CPU = Release|Any CPU
	EndGlobalSection
	GlobalSection(ProjectConfigurationPlatforms) = postSolution
		{508DECA9-997A-47E0-9EF7-68CC5533AD82}.Debug|Any CPU.ActiveCfg = Debug|Any CPU
		{508DECA9-997A-47E0-9EF7-68CC5533AD82}.Debug|Any CPU.Build.0 = Debug|Any CPU
		{508DECA9-997A-47E0-9EF7-68CC5533AD82}.Release|Any CPU.ActiveCfg = Release|Any CPU
		{508DECA9-997A-47E0-9EF7-68CC5533AD82}.Release|Any CPU.Build.0 = Release|Any CPU
		{A53D76AB-19BD-4B65-8C8B-CEBE0D6700FC}.Debug|Any CPU.ActiveCfg = Debug|Any CPU
		{A53D76AB-19BD-4B65-8C8B-CEBE0D6700FC}.Debug|Any CPU.Build.0 = Debug|Any CPU
		{A53D76AB-19BD-4B65-8C8B-CEBE0D6700FC}.Release|Any CPU.ActiveCfg = Release|Any CPU
		{A53D76AB-19BD-4B65-8C8B-CEBE0D6700FC}.Release|Any CPU.Build.0 = Release|Any CPU
	EndGlobalSection
	GlobalSection(SolutionProperties) = preSolution
		HideSolutionNode = FALSE
	EndGlobalSection
	GlobalSection(ExtensibilityGlobals) = postSolution
		SolutionGuid = {2EF6FEAF-364F-45CD-999A-B9398BB189BA}
	EndGlobalSection
EndGlobal
