
Microsoft Visual Studio Solution File, Format Version 12.00
# Visual Studio 15
VisualStudioVersion = 15.0.27130.2020
MinimumVisualStudioVersion = 10.0.40219.1
Project("{9A19103F-16F7-4668-BE54-9A1E7A4F7556}") = "Megalopolis", "Megalopolis\Megalopolis.csproj", "{310CF451-199D-4348-8B49-0EC3D33A7CAF}"
EndProject
Project("{FAE04EC0-301F-11D3-BF4B-00C04F79EFBC}") = "MNISTTest", "MNISTTest\MNISTTest.csproj", "{6D135FE2-CCDD-4C72-B6AE-3CCE024289BA}"
EndProject
Project("{9A19103F-16F7-4668-BE54-9A1E7A4F7556}") = "XORTest", "XORTest\XORTest.csproj", "{FCAFF0FE-94B4-4676-9DD0-23D83B575F0D}"
EndProject
Global
	GlobalSection(SolutionConfigurationPlatforms) = preSolution
		Debug|Any CPU = Debug|Any CPU
		Release|Any CPU = Release|Any CPU
	EndGlobalSection
	GlobalSection(ProjectConfigurationPlatforms) = postSolution
		{310CF451-199D-4348-8B49-0EC3D33A7CAF}.Debug|Any CPU.ActiveCfg = Debug|Any CPU
		{310CF451-199D-4348-8B49-0EC3D33A7CAF}.Debug|Any CPU.Build.0 = Debug|Any CPU
		{310CF451-199D-4348-8B49-0EC3D33A7CAF}.Release|Any CPU.ActiveCfg = Release|Any CPU
		{310CF451-199D-4348-8B49-0EC3D33A7CAF}.Release|Any CPU.Build.0 = Release|Any CPU
		{6D135FE2-CCDD-4C72-B6AE-3CCE024289BA}.Debug|Any CPU.ActiveCfg = Debug|Any CPU
		{6D135FE2-CCDD-4C72-B6AE-3CCE024289BA}.Debug|Any CPU.Build.0 = Debug|Any CPU
		{6D135FE2-CCDD-4C72-B6AE-3CCE024289BA}.Release|Any CPU.ActiveCfg = Release|Any CPU
		{6D135FE2-CCDD-4C72-B6AE-3CCE024289BA}.Release|Any CPU.Build.0 = Release|Any CPU
		{FCAFF0FE-94B4-4676-9DD0-23D83B575F0D}.Debug|Any CPU.ActiveCfg = Debug|Any CPU
		{FCAFF0FE-94B4-4676-9DD0-23D83B575F0D}.Debug|Any CPU.Build.0 = Debug|Any CPU
		{FCAFF0FE-94B4-4676-9DD0-23D83B575F0D}.Release|Any CPU.ActiveCfg = Release|Any CPU
		{FCAFF0FE-94B4-4676-9DD0-23D83B575F0D}.Release|Any CPU.Build.0 = Release|Any CPU
	EndGlobalSection
	GlobalSection(SolutionProperties) = preSolution
		HideSolutionNode = FALSE
	EndGlobalSection
	GlobalSection(ExtensibilityGlobals) = postSolution
		SolutionGuid = {175F7A33-C468-4557-AF3D-CB77C0222264}
	EndGlobalSection
EndGlobal
