
Microsoft Visual Studio Solution File, Format Version 12.00
# Visual Studio 15
VisualStudioVersion = 15.0.27130.2020
MinimumVisualStudioVersion = 10.0.40219.1
Project("{FAE04EC0-301F-11D3-BF4B-00C04F79EFBC}") = "Megalopolis", "Megalopolis\Megalopolis.csproj", "{310CF451-199D-4348-8B49-0EC3D33A7CAF}"
EndProject
Project("{FAE04EC0-301F-11D3-BF4B-00C04F79EFBC}") = "MegalopolisTest", "MegalopolisTest\MegalopolisTest.csproj", "{22709A28-1568-4975-9DBC-95276099DF9F}"
EndProject
Global
	GlobalSection(SolutionConfigurationPlatforms) = preSolution
		Debug|Any CPU = Debug|Any CPU
		Release|Any CPU = Release|Any CPU
	EndGlobalSection
	GlobalSection(ProjectConfigurationPlatforms) = postSolution
		{310CF451-199D-4348-8B49-0EC3D33A7CAF}.Debug|Any CPU.ActiveCfg = Debug|Any CPU
		{310CF451-199D-4348-8B49-0EC3D33A7CAF}.Debug|Any CPU.Build.0 = Debug|Any CPU
		{310CF451-199D-4348-8B49-0EC3D33A7CAF}.Release|Any CPU.ActiveCfg = Release|Any CPU
		{310CF451-199D-4348-8B49-0EC3D33A7CAF}.Release|Any CPU.Build.0 = Release|Any CPU
		{22709A28-1568-4975-9DBC-95276099DF9F}.Debug|Any CPU.ActiveCfg = Debug|Any CPU
		{22709A28-1568-4975-9DBC-95276099DF9F}.Debug|Any CPU.Build.0 = Debug|Any CPU
		{22709A28-1568-4975-9DBC-95276099DF9F}.Release|Any CPU.ActiveCfg = Release|Any CPU
		{22709A28-1568-4975-9DBC-95276099DF9F}.Release|Any CPU.Build.0 = Release|Any CPU
	EndGlobalSection
	GlobalSection(SolutionProperties) = preSolution
		HideSolutionNode = FALSE
	EndGlobalSection
	GlobalSection(ExtensibilityGlobals) = postSolution
		SolutionGuid = {175F7A33-C468-4557-AF3D-CB77C0222264}
	EndGlobalSection
EndGlobal
